
Microsoft Visual Studio Solution File, Format Version 12.00
# Visual Studio Version 17
VisualStudioVersion = 17.4.33205.214
MinimumVisualStudioVersion = 10.0.40219.1
Project("{FAE04EC0-301F-11D3-BF4B-00C04F79EFBC}") = "TkAutoBrowser", "TkAutoBrowser\TkAutoBrowser.csproj", "{D9E5CFDA-3100-4DFB-A8DB-32331C7AE411}"
EndProject
Global
	GlobalSection(SolutionConfigurationPlatforms) = preSolution
		Debug|Any CPU = Debug|Any CPU
		Release|Any CPU = Release|Any CPU
	EndGlobalSection
	GlobalSection(ProjectConfigurationPlatforms) = postSolution
		{D9E5CFDA-3100-4DFB-A8DB-32331C7AE411}.Debug|Any CPU.ActiveCfg = Debug|Any CPU
		{D9E5CFDA-3100-4DFB-A8DB-32331C7AE411}.Debug|Any CPU.Build.0 = Debug|Any CPU
		{D9E5CFDA-3100-4DFB-A8DB-32331C7AE411}.Release|Any CPU.ActiveCfg = Release|Any CPU
		{D9E5CFDA-3100-4DFB-A8DB-32331C7AE411}.Release|Any CPU.Build.0 = Release|Any CPU
	EndGlobalSection
	GlobalSection(SolutionProperties) = preSolution
		HideSolutionNode = FALSE
	EndGlobalSection
	GlobalSection(ExtensibilityGlobals) = postSolution
		SolutionGuid = {98651734-F6C4-40AB-B19A-FB013EEA09E2}
	EndGlobalSection
EndGlobal
